
Microsoft Visual Studio Solution File, Format Version 12.00
# Visual Studio Version 16
VisualStudioVersion = 16.0.30717.126
MinimumVisualStudioVersion = 10.0.40219.1
Project("{9A19103F-16F7-4668-BE54-9A1E7A4F7556}") = "OnSales.Common", "OnSales.Common\OnSales.Common.csproj", "{0B38661B-5263-4998-B235-4777C04D0D54}"
EndProject
Project("{9A19103F-16F7-4668-BE54-9A1E7A4F7556}") = "OnSales.Web", "OnSales.Web\OnSales.Web.csproj", "{638396E2-0BCB-4743-B456-97502D3F12F0}"
EndProject
Global
	GlobalSection(SolutionConfigurationPlatforms) = preSolution
		Debug|Any CPU = Debug|Any CPU
		Release|Any CPU = Release|Any CPU
	EndGlobalSection
	GlobalSection(ProjectConfigurationPlatforms) = postSolution
		{0B38661B-5263-4998-B235-4777C04D0D54}.Debug|Any CPU.ActiveCfg = Debug|Any CPU
		{0B38661B-5263-4998-B235-4777C04D0D54}.Debug|Any CPU.Build.0 = Debug|Any CPU
		{0B38661B-5263-4998-B235-4777C04D0D54}.Release|Any CPU.ActiveCfg = Release|Any CPU
		{0B38661B-5263-4998-B235-4777C04D0D54}.Release|Any CPU.Build.0 = Release|Any CPU
		{638396E2-0BCB-4743-B456-97502D3F12F0}.Debug|Any CPU.ActiveCfg = Debug|Any CPU
		{638396E2-0BCB-4743-B456-97502D3F12F0}.Debug|Any CPU.Build.0 = Debug|Any CPU
		{638396E2-0BCB-4743-B456-97502D3F12F0}.Release|Any CPU.ActiveCfg = Release|Any CPU
		{638396E2-0BCB-4743-B456-97502D3F12F0}.Release|Any CPU.Build.0 = Release|Any CPU
	EndGlobalSection
	GlobalSection(SolutionProperties) = preSolution
		HideSolutionNode = FALSE
	EndGlobalSection
	GlobalSection(ExtensibilityGlobals) = postSolution
		SolutionGuid = {FD5B52BD-5835-49B9-847D-7CED883EB6F3}
	EndGlobalSection
EndGlobal
